
Microsoft Visual Studio Solution File, Format Version 12.00
# Visual Studio Version 17
VisualStudioVersion = 17.3.32901.215
MinimumVisualStudioVersion = 10.0.40219.1
Project("{9A19103F-16F7-4668-BE54-9A1E7A4F7556}") = "Staff.Portal.UTest", "Staff.Portal.UTest\Staff.Portal.UTest.csproj", "{F9B329F5-EB82-43B5-BCD5-277B7C4092EB}"
EndProject
Project("{9A19103F-16F7-4668-BE54-9A1E7A4F7556}") = "Staff.Portal.WebAPI", "Staff.Portal.WebApi\Staff.Portal.WebAPI.csproj", "{D032C1F6-2C33-48CD-815A-AFA1C34EBD18}"
EndProject
Global
	GlobalSection(SolutionConfigurationPlatforms) = preSolution
		Debug|Any CPU = Debug|Any CPU
		Release|Any CPU = Release|Any CPU
	EndGlobalSection
	GlobalSection(ProjectConfigurationPlatforms) = postSolution
		{F9B329F5-EB82-43B5-BCD5-277B7C4092EB}.Debug|Any CPU.ActiveCfg = Debug|Any CPU
		{F9B329F5-EB82-43B5-BCD5-277B7C4092EB}.Debug|Any CPU.Build.0 = Debug|Any CPU
		{F9B329F5-EB82-43B5-BCD5-277B7C4092EB}.Release|Any CPU.ActiveCfg = Release|Any CPU
		{F9B329F5-EB82-43B5-BCD5-277B7C4092EB}.Release|Any CPU.Build.0 = Release|Any CPU
		{D032C1F6-2C33-48CD-815A-AFA1C34EBD18}.Debug|Any CPU.ActiveCfg = Debug|Any CPU
		{D032C1F6-2C33-48CD-815A-AFA1C34EBD18}.Debug|Any CPU.Build.0 = Debug|Any CPU
		{D032C1F6-2C33-48CD-815A-AFA1C34EBD18}.Release|Any CPU.ActiveCfg = Release|Any CPU
		{D032C1F6-2C33-48CD-815A-AFA1C34EBD18}.Release|Any CPU.Build.0 = Release|Any CPU
	EndGlobalSection
	GlobalSection(SolutionProperties) = preSolution
		HideSolutionNode = FALSE
	EndGlobalSection
	GlobalSection(ExtensibilityGlobals) = postSolution
		SolutionGuid = {AF7E5717-D5C7-4CD6-B54D-0F65E7353EDD}
	EndGlobalSection
EndGlobal
